Microsoft Visual Studio Solution File, Format Version 12.00
# Visual Studio Version 17
VisualStudioVersion = 17.5.2.0
MinimumVisualStudioVersion = 10.0.40219.1
Project("{FAE04EC0-301F-11D3-BF4B-00C04F79EFBC}") = "dcit318-assignment2-11253112", "dcit318-assignment2-11253112.csproj", "{2104865E-5DF6-C28C-A535-18E14E9BEDC3}"
EndProject
Global
	GlobalSection(SolutionConfigurationPlatforms) = preSolution
		Debug|Any CPU = Debug|Any CPU
		Release|Any CPU = Release|Any CPU
	EndGlobalSection
	GlobalSection(ProjectConfigurationPlatforms) = postSolution
		{2104865E-5DF6-C28C-A535-18E14E9BEDC3}.Debug|Any CPU.ActiveCfg = Debug|Any CPU
		{2104865E-5DF6-C28C-A535-18E14E9BEDC3}.Debug|Any CPU.Build.0 = Debug|Any CPU
		{2104865E-5DF6-C28C-A535-18E14E9BEDC3}.Release|Any CPU.ActiveCfg = Release|Any CPU
		{2104865E-5DF6-C28C-A535-18E14E9BEDC3}.Release|Any CPU.Build.0 = Release|Any CPU
	EndGlobalSection
	GlobalSection(SolutionProperties) = preSolution
		HideSolutionNode = FALSE
	EndGlobalSection
	GlobalSection(ExtensibilityGlobals) = postSolution
		SolutionGuid = {D6BC3432-28AE-4D70-AC21-6D1CA3C9189E}
	EndGlobalSection
EndGlobal
